
Microsoft Visual Studio Solution File, Format Version 12.00
# Visual Studio Version 17
VisualStudioVersion = 17.0.32014.148
MinimumVisualStudioVersion = 10.0.40219.1
Project("{9A19103F-16F7-4668-BE54-9A1E7A4F7556}") = "WpfApp1", "WpfApp1\WpfApp1.csproj", "{95DC8A60-E404-459D-A4B6-5989AC5AE581}"
EndProject
Global
	GlobalSection(SolutionConfigurationPlatforms) = preSolution
		Debug|Any CPU = Debug|Any CPU
		Release|Any CPU = Release|Any CPU
	EndGlobalSection
	GlobalSection(ProjectConfigurationPlatforms) = postSolution
		{95DC8A60-E404-459D-A4B6-5989AC5AE581}.Debug|Any CPU.ActiveCfg = Debug|Any CPU
		{95DC8A60-E404-459D-A4B6-5989AC5AE581}.Debug|Any CPU.Build.0 = Debug|Any CPU
		{95DC8A60-E404-459D-A4B6-5989AC5AE581}.Release|Any CPU.ActiveCfg = Release|Any CPU
		{95DC8A60-E404-459D-A4B6-5989AC5AE581}.Release|Any CPU.Build.0 = Release|Any CPU
	EndGlobalSection
	GlobalSection(SolutionProperties) = preSolution
		HideSolutionNode = FALSE
	EndGlobalSection
	GlobalSection(ExtensibilityGlobals) = postSolution
		SolutionGuid = {04217984-EA3F-4C5A-A9A1-C5C1CB22EC97}
	EndGlobalSection
EndGlobal
